{
  "version": 4,
  "terraform_version": "1.13.4",
  "serial": 16,
  "lineage": "0d2f73fd-6ebf-92ad-ae06-926a4919e1a4",
  "outputs": {},
  "resources": [
    {
      "mode": "managed",
      "type": "local_file",
      "name": "first1",
      "provider": "provider[\"registry.terraform.io/hashicorp/local\"]",
      "instances": [
        {
          "schema_version": 0,
          "attributes": {
            "content": "첫번째",
            "content_base64": null,
            "content_base64sha256": "9ukg0+R8KL/VmilMTHuLDxda2i/yY/+eusbVN4PZUr8=",
            "content_base64sha512": "Phql73F1RoexLe0HjKbvEZvz2aAigfvQgbJ0MZmavgTbDrAx8WzWRAmrMJamVr2CY1ThJihEcuU29SQ4XVckYQ==",
            "content_md5": "701955f233edac308d07b04750e4ce1e",
            "content_sha1": "cd41d115f7ffffbd7b2d30de7cb24f2aeeb09669",
            "content_sha256": "f6e920d3e47c28bfd59a294c4c7b8b0f175ada2ff263ff9ebac6d53783d952bf",
            "content_sha512": "3e1aa5ef71754687b12ded078ca6ef119bf3d9a02281fbd081b27431999abe04db0eb031f16cd64409ab3096a656bd826354e126284472e536f524385d572461",
            "directory_permission": "0777",
            "file_permission": "0777",
            "filename": "./result/first.txt",
            "id": "cd41d115f7ffffbd7b2d30de7cb24f2aeeb09669",
            "sensitive_content": null,
            "source": null
          },
          "sensitive_attributes": [
            [
              {
                "type": "get_attr",
                "value": "sensitive_content"
              }
            ]
          ],
          "identity_schema_version": 0
        }
      ]
    },
    {
      "mode": "managed",
      "type": "local_file",
      "name": "second",
      "provider": "provider[\"registry.terraform.io/hashicorp/local\"]",
      "instances": [
        {
          "schema_version": 0,
          "attributes": {
            "content": "두번째!",
            "content_base64": null,
            "content_base64sha256": "CwstfvG4ryRI0AW/vjdCco0+2GwlEQLRMkyQqY8nEaQ=",
            "content_base64sha512": "q2s7medTCvxN7qYgFCkZ4sBoLnXM5wdX4sQoAGqRiZ2Ghp3VZ59ADEQRJO/YL0qlTzgzuoyge7CgTo+UYYP3pA==",
            "content_md5": "017ff5a05bc1bce758307188a4480eab",
            "content_sha1": "0724f7eb22ef26760d6c69147dbd75d30f851d0c",
            "content_sha256": "0b0b2d7ef1b8af2448d005bfbe3742728d3ed86c251102d1324c90a98f2711a4",
            "content_sha512": "ab6b3b99e7530afc4deea620142919e2c0682e75cce70757e2c428006a91899d86869dd5679f400c441124efd82f4aa54f3833ba8ca07bb0a04e8f946183f7a4",
            "directory_permission": "0777",
            "file_permission": "0777",
            "filename": "./result/second.txt",
            "id": "0724f7eb22ef26760d6c69147dbd75d30f851d0c",
            "sensitive_content": null,
            "source": null
          },
          "sensitive_attributes": [
            [
              {
                "type": "get_attr",
                "value": "sensitive_content"
              }
            ]
          ],
          "identity_schema_version": 0
        }
      ]
    },
    {
      "mode": "managed",
      "type": "local_file",
      "name": "third",
      "provider": "provider[\"registry.terraform.io/hashicorp/local\"]",
      "instances": [
        {
          "schema_version": 0,
          "attributes": {
            "content": "세번째 + 내용추가",
            "content_base64": null,
            "content_base64sha256": "DBfyPjCBgdx7yQbhdvzHkz4tBNdShH1Yn70cR21E9Vk=",
            "content_base64sha512": "zmC3XV2msl6isb62k9tf4WFu3PFtnJ6vVLS2W/PpmIatBEpZVJQgf8ZgChOZYMv/UwSK2tTUqWA+XRXdGZrQww==",
            "content_md5": "ea866997cf33e40b330078cc2abc91dd",
            "content_sha1": "55b12c063aedc6c3afb7c9e976f4ba3339faaae7",
            "content_sha256": "0c17f23e308181dc7bc906e176fcc7933e2d04d752847d589fbd1c476d44f559",
            "content_sha512": "ce60b75d5da6b25ea2b1beb693db5fe1616edcf16d9c9eaf54b4b65bf3e99886ad044a595494207fc6600a139960cbff53048adad4d4a9603e5d15dd199ad0c3",
            "directory_permission": "0777",
            "file_permission": "0777",
            "filename": "./result/third.txt",
            "id": "55b12c063aedc6c3afb7c9e976f4ba3339faaae7",
            "sensitive_content": null,
            "source": null
          },
          "sensitive_attributes": [
            [
              {
                "type": "get_attr",
                "value": "sensitive_content"
              }
            ]
          ],
          "identity_schema_version": 0
        }
      ]
    }
  ],
  "check_results": null
}
